<?xml version="1.0" encoding="utf-8"?>
<Project ToolsVersion="4.0" xmlns="http://schemas.microsoft.com/developer/msbuild/2003">
  <ItemGroup>
    <Filter Include="Sources">
      <UniqueIdentifier>{8b7ed093-66ce-4096-96d2-fbb9faa4bf52}</UniqueIdentifier>
    </Filter>
    <Filter Include="Sources\Modules">
      <UniqueIdentifier>{7b418be2-1631-4a31-9ef2-8a8b234a7339}</UniqueIdentifier>
    </Filter>
    <Filter Include="Sources\Containers">
      <UniqueIdentifier>{afc36133-f401-499a-aa33-0da1e500fb52}</UniqueIdentifier>
    </Filter>
    <Filter Include="Sources\Tools">
      <UniqueIdentifier>{7e4dfaf7-022c-4f7d-92aa-f3b3fa9d6248}</UniqueIdentifier>
    </Filter>
    <Filter Include="Sources\Helpers">
      <UniqueIdentifier>{121f8e6b-df36-4ab0-be0d-601ddfc9e503}</UniqueIdentifier>
    </Filter>
    <Filter Include="Sources\Modules\UI">
      <UniqueIdentifier>{7c0d27d4-b208-4af6-9fcf-ea6045fbdc1d}</UniqueIdentifier>
    </Filter>
    <Filter Include="Sources\Modules\UI\imgui">
      <UniqueIdentifier>{ed46dc18-58c8-4df9-9748-c29f09e42887}</UniqueIdentifier>
    </Filter>
    <Filter Include="Sources\Modules\UI\imgui\Implements">
      <UniqueIdentifier>{8d1a7469-276a-4f0f-9ce2-e8b43d951bce}</UniqueIdentifier>
    </Filter>
    <Filter Include="Sources\Modules\UI\WindowSystem">
      <UniqueIdentifier>{d79c159e-3f55-4882-adda-4cdbe993f94b}</UniqueIdentifier>
    </Filter>
    <Filter Include="Sources\Tools\PCG">
      <UniqueIdentifier>{587e4038-c000-421f-98af-2e1b871f9b4c}</UniqueIdentifier>
    </Filter>
    <Filter Include="Sources\Tools\MathGeoLib">
      <UniqueIdentifier>{343ce08a-9630-4e1f-a15a-3ef8884e996b}</UniqueIdentifier>
    </Filter>
    <Filter Include="Sources\Tools\MathGeoLib\Math">
      <UniqueIdentifier>{19060bb0-f1f6-4413-aacc-2a2b92182daf}</UniqueIdentifier>
    </Filter>
    <Filter Include="Sources\Tools\MathGeoLib\Geometry">
      <UniqueIdentifier>{4f874cf9-b80b-49ad-ae98-7a2c259e6d74}</UniqueIdentifier>
    </Filter>
    <Filter Include="Sources\Tools\MathGeoLib\Algorithm">
      <UniqueIdentifier>{bc08f03c-faf9-47ea-9454-48a8bf378649}</UniqueIdentifier>
    </Filter>
    <Filter Include="Sources\Tools\MathGeoLib\Algorithm\Random">
      <UniqueIdentifier>{e7002b43-b8c6-4997-89cc-7632269cb4de}</UniqueIdentifier>
    </Filter>
    <Filter Include="Sources\Tools\MathGeoLib\SysInfo">
      <UniqueIdentifier>{0c477372-1de5-4969-b2e7-e6be807030d4}</UniqueIdentifier>
    </Filter>
    <Filter Include="Sources\Tools\MathGeoLib\emscriptem">
      <UniqueIdentifier>{0e92a63c-6d17-46e2-b37f-03cf189cd5cd}</UniqueIdentifier>
    </Filter>
    <Filter Include="Sources\Tools\MathGeoLib\Time">
      <UniqueIdentifier>{ce911b42-d1f3-479a-8893-2b786d3d554a}</UniqueIdentifier>
    </Filter>
  </ItemGroup>
  <ItemGroup>
    <ClInclude Include="Module.h">
      <Filter>Sources\Modules</Filter>
    </ClInclude>
    <ClInclude Include="ModuleAudio.h">
      <Filter>Sources\Modules</Filter>
    </ClInclude>
    <ClInclude Include="ModuleCamera3D.h">
      <Filter>Sources\Modules</Filter>
    </ClInclude>
    <ClInclude Include="ModuleInput.h">
      <Filter>Sources\Modules</Filter>
    </ClInclude>
    <ClInclude Include="ModuleRenderer3D.h">
      <Filter>Sources\Modules</Filter>
    </ClInclude>
    <ClInclude Include="ModuleWindow.h">
      <Filter>Sources\Modules</Filter>
    </ClInclude>
    <ClInclude Include="p2DynArray.h">
      <Filter>Sources\Containers</Filter>
    </ClInclude>
    <ClInclude Include="p2List.h">
      <Filter>Sources\Containers</Filter>
    </ClInclude>
    <ClInclude Include="p2Point.h">
      <Filter>Sources\Containers</Filter>
    </ClInclude>
    <ClInclude Include="Application.h">
      <Filter>Sources</Filter>
    </ClInclude>
    <ClInclude Include="Globals.h">
      <Filter>Sources</Filter>
    </ClInclude>
    <ClInclude Include="Primitive.h">
      <Filter>Sources\Helpers</Filter>
    </ClInclude>
    <ClInclude Include="Color.h">
      <Filter>Sources\Containers</Filter>
    </ClInclude>
    <ClInclude Include="Light.h">
      <Filter>Sources\Helpers</Filter>
    </ClInclude>
    <ClInclude Include="Timer.h">
      <Filter>Sources\Tools</Filter>
    </ClInclude>
    <ClInclude Include="ModulePhysics3D.h">
      <Filter>Sources\Modules</Filter>
    </ClInclude>
    <ClInclude Include="PhysBody3D.h">
      <Filter>Sources\Helpers</Filter>
    </ClInclude>
    <ClInclude Include="ModuleUI.h">
      <Filter>Sources\Modules\UI</Filter>
    </ClInclude>
    <ClInclude Include="imgui\imconfig.h">
      <Filter>Sources\Modules\UI\imgui</Filter>
    </ClInclude>
    <ClInclude Include="imgui\imgui.h">
      <Filter>Sources\Modules\UI\imgui</Filter>
    </ClInclude>
    <ClInclude Include="imgui\imgui_internal.h">
      <Filter>Sources\Modules\UI\imgui</Filter>
    </ClInclude>
    <ClInclude Include="imgui\imstb_rectpack.h">
      <Filter>Sources\Modules\UI\imgui</Filter>
    </ClInclude>
    <ClInclude Include="imgui\imstb_textedit.h">
      <Filter>Sources\Modules\UI\imgui</Filter>
    </ClInclude>
    <ClInclude Include="imgui\imstb_truetype.h">
      <Filter>Sources\Modules\UI\imgui</Filter>
    </ClInclude>
    <ClInclude Include="imgui\implements\imgui_impl_opengl2.h">
      <Filter>Sources\Modules\UI\imgui\Implements</Filter>
    </ClInclude>
    <ClInclude Include="imgui\implements\imgui_impl_sdl.h">
      <Filter>Sources\Modules\UI\imgui\Implements</Filter>
    </ClInclude>
    <ClInclude Include="OptionsWindow.h">
      <Filter>Sources\Modules\UI\WindowSystem</Filter>
    </ClInclude>
    <ClInclude Include="Window.h">
      <Filter>Sources\Modules\UI\WindowSystem</Filter>
    </ClInclude>
    <ClInclude Include="AboutWindow.h">
      <Filter>Sources\Modules\UI\WindowSystem</Filter>
    </ClInclude>
    <ClInclude Include="pcg-c-basic-0.9\pcg_basic.h">
      <Filter>Sources\Tools\PCG</Filter>
    </ClInclude>
    <ClInclude Include="RandomGenWindow.h">
      <Filter>Sources\Modules\UI\WindowSystem</Filter>
    </ClInclude>
    <ClInclude Include="MGL\MathBuildConfig.h">
      <Filter>Sources\Tools\MathGeoLib</Filter>
    </ClInclude>
    <ClInclude Include="MGL\MathGeoLib.h">
      <Filter>Sources\Tools\MathGeoLib</Filter>
    </ClInclude>
    <ClInclude Include="MGL\MathGeoLibFwd.h">
      <Filter>Sources\Tools\MathGeoLib</Filter>
    </ClInclude>
    <ClInclude Include="MGL\Math\assume.h">
      <Filter>Sources\Tools\MathGeoLib\Math</Filter>
    </ClInclude>
    <ClInclude Include="MGL\Math\BitOps.h">
      <Filter>Sources\Tools\MathGeoLib\Math</Filter>
    </ClInclude>
    <ClInclude Include="MGL\Math\Callstack.h">
      <Filter>Sources\Tools\MathGeoLib\Math</Filter>
    </ClInclude>
    <ClInclude Include="MGL\Math\FixedPoint.h">
      <Filter>Sources\Tools\MathGeoLib\Math</Filter>
    </ClInclude>
    <ClInclude Include="MGL\Math\float2.h">
      <Filter>Sources\Tools\MathGeoLib\Math</Filter>
    </ClInclude>
    <ClInclude Include="MGL\Math\float3.h">
      <Filter>Sources\Tools\MathGeoLib\Math</Filter>
    </ClInclude>
    <ClInclude Include="MGL\Math\float3x3.h">
      <Filter>Sources\Tools\MathGeoLib\Math</Filter>
    </ClInclude>
    <ClInclude Include="MGL\Math\float3x4.h">
      <Filter>Sources\Tools\MathGeoLib\Math</Filter>
    </ClInclude>
    <ClInclude Include="MGL\Math\float4.h">
      <Filter>Sources\Tools\MathGeoLib\Math</Filter>
    </ClInclude>
    <ClInclude Include="MGL\Math\float4_neon.h">
      <Filter>Sources\Tools\MathGeoLib\Math</Filter>
    </ClInclude>
    <ClInclude Include="MGL\Math\float4_sse.h">
      <Filter>Sources\Tools\MathGeoLib\Math</Filter>
    </ClInclude>
    <ClInclude Include="MGL\Math\float4d.h">
      <Filter>Sources\Tools\MathGeoLib\Math</Filter>
    </ClInclude>
    <ClInclude Include="MGL\Math\float4x4.h">
      <Filter>Sources\Tools\MathGeoLib\Math</Filter>
    </ClInclude>
    <ClInclude Include="MGL\Math\float4x4_neon.h">
      <Filter>Sources\Tools\MathGeoLib\Math</Filter>
    </ClInclude>
    <ClInclude Include="MGL\Math\float4x4_sse.h">
      <Filter>Sources\Tools\MathGeoLib\Math</Filter>
    </ClInclude>
    <ClInclude Include="MGL\Math\FloatCmp.h">
      <Filter>Sources\Tools\MathGeoLib\Math</Filter>
    </ClInclude>
    <ClInclude Include="MGL\Math\grisu3.h">
      <Filter>Sources\Tools\MathGeoLib\Math</Filter>
    </ClInclude>
    <ClInclude Include="MGL\Math\InclWindows.h">
      <Filter>Sources\Tools\MathGeoLib\Math</Filter>
    </ClInclude>
    <ClInclude Include="MGL\Math\MathAll.h">
      <Filter>Sources\Tools\MathGeoLib\Math</Filter>
    </ClInclude>
    <ClInclude Include="MGL\Math\MathConstants.h">
      <Filter>Sources\Tools\MathGeoLib\Math</Filter>
    </ClInclude>
    <ClInclude Include="MGL\Math\MathFunc.h">
      <Filter>Sources\Tools\MathGeoLib\Math</Filter>
    </ClInclude>
    <ClInclude Include="MGL\Math\MathLog.h">
      <Filter>Sources\Tools\MathGeoLib\Math</Filter>
    </ClInclude>
    <ClInclude Include="MGL\Math\MathNamespace.h">
      <Filter>Sources\Tools\MathGeoLib\Math</Filter>
    </ClInclude>
    <ClInclude Include="MGL\Math\MathTypes.h">
      <Filter>Sources\Tools\MathGeoLib\Math</Filter>
    </ClInclude>
    <ClInclude Include="MGL\Math\MatrixProxy.h">
      <Filter>Sources\Tools\MathGeoLib\Math</Filter>
    </ClInclude>
    <ClInclude Include="MGL\Math\MiniFloat.h">
      <Filter>Sources\Tools\MathGeoLib\Math</Filter>
    </ClInclude>
    <ClInclude Include="MGL\Math\myassert.h">
      <Filter>Sources\Tools\MathGeoLib\Math</Filter>
    </ClInclude>
    <ClInclude Include="MGL\Math\Polynomial.h">
      <Filter>Sources\Tools\MathGeoLib\Math</Filter>
    </ClInclude>
    <ClInclude Include="MGL\Math\Quat.h">
      <Filter>Sources\Tools\MathGeoLib\Math</Filter>
    </ClInclude>
    <ClInclude Include="MGL\Math\quat_simd.h">
      <Filter>Sources\Tools\MathGeoLib\Math</Filter>
    </ClInclude>
    <ClInclude Include="MGL\Math\Rect.h">
      <Filter>Sources\Tools\MathGeoLib\Math</Filter>
    </ClInclude>
    <ClInclude Include="MGL\Math\Reinterpret.h">
      <Filter>Sources\Tools\MathGeoLib\Math</Filter>
    </ClInclude>
    <ClInclude Include="MGL\Math\simd.h">
      <Filter>Sources\Tools\MathGeoLib\Math</Filter>
    </ClInclude>
    <ClInclude Include="MGL\Math\sse_mathfun.h">
      <Filter>Sources\Tools\MathGeoLib\Math</Filter>
    </ClInclude>
    <ClInclude Include="MGL\Math\SSEMath.h">
      <Filter>Sources\Tools\MathGeoLib\Math</Filter>
    </ClInclude>
    <ClInclude Include="MGL\Math\TransformOps.h">
      <Filter>Sources\Tools\MathGeoLib\Math</Filter>
    </ClInclude>
    <ClInclude Include="MGL\Geometry\AABB.h">
      <Filter>Sources\Tools\MathGeoLib\Geometry</Filter>
    </ClInclude>
    <ClInclude Include="MGL\Geometry\AABB2D.h">
      <Filter>Sources\Tools\MathGeoLib\Geometry</Filter>
    </ClInclude>
    <ClInclude Include="MGL\Geometry\Capsule.h">
      <Filter>Sources\Tools\MathGeoLib\Geometry</Filter>
    </ClInclude>
    <ClInclude Include="MGL\Geometry\Circle.h">
      <Filter>Sources\Tools\MathGeoLib\Geometry</Filter>
    </ClInclude>
    <ClInclude Include="MGL\Geometry\Frustum.h">
      <Filter>Sources\Tools\MathGeoLib\Geometry</Filter>
    </ClInclude>
    <ClInclude Include="MGL\Geometry\GeometryAll.h">
      <Filter>Sources\Tools\MathGeoLib\Geometry</Filter>
    </ClInclude>
    <ClInclude Include="MGL\Geometry\GeomType.h">
      <Filter>Sources\Tools\MathGeoLib\Geometry</Filter>
    </ClInclude>
    <ClInclude Include="MGL\Geometry\HitInfo.h">
      <Filter>Sources\Tools\MathGeoLib\Geometry</Filter>
    </ClInclude>
    <ClInclude Include="MGL\Geometry\KDTree.h">
      <Filter>Sources\Tools\MathGeoLib\Geometry</Filter>
    </ClInclude>
    <ClInclude Include="MGL\Geometry\Line.h">
      <Filter>Sources\Tools\MathGeoLib\Geometry</Filter>
    </ClInclude>
    <ClInclude Include="MGL\Geometry\LineSegment.h">
      <Filter>Sources\Tools\MathGeoLib\Geometry</Filter>
    </ClInclude>
    <ClInclude Include="MGL\Geometry\OBB.h">
      <Filter>Sources\Tools\MathGeoLib\Geometry</Filter>
    </ClInclude>
    <ClInclude Include="MGL\Geometry\PBVolume.h">
      <Filter>Sources\Tools\MathGeoLib\Geometry</Filter>
    </ClInclude>
    <ClInclude Include="MGL\Geometry\Plane.h">
      <Filter>Sources\Tools\MathGeoLib\Geometry</Filter>
    </ClInclude>
    <ClInclude Include="MGL\Geometry\Polygon.h">
      <Filter>Sources\Tools\MathGeoLib\Geometry</Filter>
    </ClInclude>
    <ClInclude Include="MGL\Geometry\Polyhedron.h">
      <Filter>Sources\Tools\MathGeoLib\Geometry</Filter>
    </ClInclude>
    <ClInclude Include="MGL\Geometry\QuadTree.h">
      <Filter>Sources\Tools\MathGeoLib\Geometry</Filter>
    </ClInclude>
    <ClInclude Include="MGL\Geometry\Ray.h">
      <Filter>Sources\Tools\MathGeoLib\Geometry</Filter>
    </ClInclude>
    <ClInclude Include="MGL\Geometry\Sphere.h">
      <Filter>Sources\Tools\MathGeoLib\Geometry</Filter>
    </ClInclude>
    <ClInclude Include="MGL\Geometry\Triangle.h">
      <Filter>Sources\Tools\MathGeoLib\Geometry</Filter>
    </ClInclude>
    <ClInclude Include="MGL\Geometry\TriangleMesh.h">
      <Filter>Sources\Tools\MathGeoLib\Geometry</Filter>
    </ClInclude>
    <ClInclude Include="MGL\Algorithm\GJK.h">
      <Filter>Sources\Tools\MathGeoLib\Algorithm</Filter>
    </ClInclude>
    <ClInclude Include="MGL\Algorithm\SAT.h">
      <Filter>Sources\Tools\MathGeoLib\Algorithm</Filter>
    </ClInclude>
    <ClInclude Include="MGL\Algorithm\Random\LCG.h">
      <Filter>Sources\Tools\MathGeoLib\Algorithm\Random</Filter>
    </ClInclude>
    <ClInclude Include="MGL\SysInfo\SystemInfo.h">
      <Filter>Sources\Tools\MathGeoLib\SysInfo</Filter>
    </ClInclude>
    <ClInclude Include="MGL\emscripten\library_system.h">
      <Filter>Sources\Tools\MathGeoLib\emscriptem</Filter>
    </ClInclude>
    <ClInclude Include="MGL\Time\Clock.h">
      <Filter>Sources\Tools\MathGeoLib\Time</Filter>
    </ClInclude>
  </ItemGroup>
  <ItemGroup>
    <ClCompile Include="ModuleAudio.cpp">
      <Filter>Sources\Modules</Filter>
    </ClCompile>
    <ClCompile Include="ModuleCamera3D.cpp">
      <Filter>Sources\Modules</Filter>
    </ClCompile>
    <ClCompile Include="ModuleInput.cpp">
      <Filter>Sources\Modules</Filter>
    </ClCompile>
    <ClCompile Include="ModuleRenderer3D.cpp">
      <Filter>Sources\Modules</Filter>
    </ClCompile>
    <ClCompile Include="ModuleWindow.cpp">
      <Filter>Sources\Modules</Filter>
    </ClCompile>
    <ClCompile Include="log.cpp">
      <Filter>Sources\Tools</Filter>
    </ClCompile>
    <ClCompile Include="Timer.cpp">
      <Filter>Sources\Tools</Filter>
    </ClCompile>
    <ClCompile Include="Application.cpp">
      <Filter>Sources</Filter>
    </ClCompile>
    <ClCompile Include="Main.cpp">
      <Filter>Sources</Filter>
    </ClCompile>
    <ClCompile Include="Primitive.cpp">
      <Filter>Sources\Helpers</Filter>
    </ClCompile>
    <ClCompile Include="Color.cpp">
      <Filter>Sources\Containers</Filter>
    </ClCompile>
    <ClCompile Include="Light.cpp">
      <Filter>Sources\Helpers</Filter>
    </ClCompile>
    <ClCompile Include="ModulePhysics3D.cpp">
      <Filter>Sources\Modules</Filter>
    </ClCompile>
    <ClCompile Include="PhysBody3D.cpp">
      <Filter>Sources\Helpers</Filter>
    </ClCompile>
    <ClCompile Include="ModuleUI.cpp">
      <Filter>Sources\Modules\UI</Filter>
    </ClCompile>
    <ClCompile Include="imgui\imgui.cpp">
      <Filter>Sources\Modules\UI\imgui</Filter>
    </ClCompile>
    <ClCompile Include="imgui\imgui_demo.cpp">
      <Filter>Sources\Modules\UI\imgui</Filter>
    </ClCompile>
    <ClCompile Include="imgui\imgui_draw.cpp">
      <Filter>Sources\Modules\UI\imgui</Filter>
    </ClCompile>
    <ClCompile Include="imgui\imgui_widgets.cpp">
      <Filter>Sources\Modules\UI\imgui</Filter>
    </ClCompile>
    <ClCompile Include="imgui\implements\imgui_impl_opengl2.cpp">
      <Filter>Sources\Modules\UI\imgui\Implements</Filter>
    </ClCompile>
    <ClCompile Include="imgui\implements\imgui_impl_sdl.cpp">
      <Filter>Sources\Modules\UI\imgui\Implements</Filter>
    </ClCompile>
    <ClCompile Include="OptionsWindow.cpp">
      <Filter>Sources\Modules\UI\WindowSystem</Filter>
    </ClCompile>
    <ClCompile Include="Window.cpp">
      <Filter>Sources\Modules\UI\WindowSystem</Filter>
    </ClCompile>
    <ClCompile Include="AboutWindow.cpp">
      <Filter>Sources\Modules\UI\WindowSystem</Filter>
    </ClCompile>
    <ClCompile Include="pcg-c-basic-0.9\pcg_basic.c">
      <Filter>Sources\Tools\PCG</Filter>
    </ClCompile>
    <ClCompile Include="RandomGenWindow.cpp">
      <Filter>Sources\Modules\UI\WindowSystem</Filter>
    </ClCompile>
    <ClCompile Include="MGL\Math\BitOps.cpp">
      <Filter>Sources\Tools\MathGeoLib\Math</Filter>
    </ClCompile>
    <ClCompile Include="MGL\Math\Callstack.cpp">
      <Filter>Sources\Tools\MathGeoLib\Math</Filter>
    </ClCompile>
    <ClCompile Include="MGL\Math\float2.cpp">
      <Filter>Sources\Tools\MathGeoLib\Math</Filter>
    </ClCompile>
    <ClCompile Include="MGL\Math\float3.cpp">
      <Filter>Sources\Tools\MathGeoLib\Math</Filter>
    </ClCompile>
    <ClCompile Include="MGL\Math\float3x3.cpp">
      <Filter>Sources\Tools\MathGeoLib\Math</Filter>
    </ClCompile>
    <ClCompile Include="MGL\Math\float3x4.cpp">
      <Filter>Sources\Tools\MathGeoLib\Math</Filter>
    </ClCompile>
    <ClCompile Include="MGL\Math\float4.cpp">
      <Filter>Sources\Tools\MathGeoLib\Math</Filter>
    </ClCompile>
    <ClCompile Include="MGL\Math\float4d.cpp">
      <Filter>Sources\Tools\MathGeoLib\Math</Filter>
    </ClCompile>
    <ClCompile Include="MGL\Math\float4x4.cpp">
      <Filter>Sources\Tools\MathGeoLib\Math</Filter>
    </ClCompile>
    <ClCompile Include="MGL\Math\grisu3.c">
      <Filter>Sources\Tools\MathGeoLib\Math</Filter>
    </ClCompile>
    <ClCompile Include="MGL\Math\grisu3_cpp.cpp">
      <Filter>Sources\Tools\MathGeoLib\Math</Filter>
    </ClCompile>
    <ClCompile Include="MGL\Math\MathFunc.cpp">
      <Filter>Sources\Tools\MathGeoLib\Math</Filter>
    </ClCompile>
    <ClCompile Include="MGL\Math\MathLog.cpp">
      <Filter>Sources\Tools\MathGeoLib\Math</Filter>
    </ClCompile>
    <ClCompile Include="MGL\Math\MathOps.cpp">
      <Filter>Sources\Tools\MathGeoLib\Math</Filter>
    </ClCompile>
    <ClCompile Include="MGL\Math\MiniFloat.cpp">
      <Filter>Sources\Tools\MathGeoLib\Math</Filter>
    </ClCompile>
    <ClCompile Include="MGL\Math\Polynomial.cpp">
      <Filter>Sources\Tools\MathGeoLib\Math</Filter>
    </ClCompile>
    <ClCompile Include="MGL\Math\Quat.cpp">
      <Filter>Sources\Tools\MathGeoLib\Math</Filter>
    </ClCompile>
    <ClCompile Include="MGL\Math\SSEMath.cpp">
      <Filter>Sources\Tools\MathGeoLib\Math</Filter>
    </ClCompile>
    <ClCompile Include="MGL\Math\TransformOps.cpp">
      <Filter>Sources\Tools\MathGeoLib\Math</Filter>
    </ClCompile>
    <ClCompile Include="MGL\Geometry\AABB.cpp">
      <Filter>Sources\Tools\MathGeoLib\Geometry</Filter>
    </ClCompile>
    <ClCompile Include="MGL\Geometry\Capsule.cpp">
      <Filter>Sources\Tools\MathGeoLib\Geometry</Filter>
    </ClCompile>
    <ClCompile Include="MGL\Geometry\Circle.cpp">
      <Filter>Sources\Tools\MathGeoLib\Geometry</Filter>
    </ClCompile>
    <ClCompile Include="MGL\Geometry\Frustum.cpp">
      <Filter>Sources\Tools\MathGeoLib\Geometry</Filter>
    </ClCompile>
    <ClCompile Include="MGL\Geometry\Line.cpp">
      <Filter>Sources\Tools\MathGeoLib\Geometry</Filter>
    </ClCompile>
    <ClCompile Include="MGL\Geometry\LineSegment.cpp">
      <Filter>Sources\Tools\MathGeoLib\Geometry</Filter>
    </ClCompile>
    <ClCompile Include="MGL\Geometry\OBB.cpp">
      <Filter>Sources\Tools\MathGeoLib\Geometry</Filter>
    </ClCompile>
    <ClCompile Include="MGL\Geometry\PBVolume.cpp">
      <Filter>Sources\Tools\MathGeoLib\Geometry</Filter>
    </ClCompile>
    <ClCompile Include="MGL\Geometry\Plane.cpp">
      <Filter>Sources\Tools\MathGeoLib\Geometry</Filter>
    </ClCompile>
    <ClCompile Include="MGL\Geometry\Polygon.cpp">
      <Filter>Sources\Tools\MathGeoLib\Geometry</Filter>
    </ClCompile>
    <ClCompile Include="MGL\Geometry\Polyhedron.cpp">
      <Filter>Sources\Tools\MathGeoLib\Geometry</Filter>
    </ClCompile>
    <ClCompile Include="MGL\Geometry\Ray.cpp">
      <Filter>Sources\Tools\MathGeoLib\Geometry</Filter>
    </ClCompile>
    <ClCompile Include="MGL\Geometry\Sphere.cpp">
      <Filter>Sources\Tools\MathGeoLib\Geometry</Filter>
    </ClCompile>
    <ClCompile Include="MGL\Geometry\Triangle.cpp">
      <Filter>Sources\Tools\MathGeoLib\Geometry</Filter>
    </ClCompile>
    <ClCompile Include="MGL\Geometry\TriangleMesh.cpp">
      <Filter>Sources\Tools\MathGeoLib\Geometry</Filter>
    </ClCompile>
    <ClCompile Include="MGL\Algorithm\GJK.cpp">
      <Filter>Sources\Tools\MathGeoLib\Algorithm</Filter>
    </ClCompile>
    <ClCompile Include="MGL\Algorithm\Random\LCG.cpp">
      <Filter>Sources\Tools\MathGeoLib\Algorithm\Random</Filter>
    </ClCompile>
    <ClCompile Include="MGL\SysInfo\SystemInfo.cpp">
      <Filter>Sources\Tools\MathGeoLib\SysInfo</Filter>
    </ClCompile>
    <ClCompile Include="MGL\Time\Clock.cpp">
      <Filter>Sources\Tools\MathGeoLib\Time</Filter>
    </ClCompile>
  </ItemGroup>
  <ItemGroup>
    <None Include="MGL\Math\float2.inl">
      <Filter>Sources\Tools\MathGeoLib\Math</Filter>
    </None>
    <None Include="MGL\Math\Matrix.inl">
      <Filter>Sources\Tools\MathGeoLib\Math</Filter>
    </None>
    <None Include="MGL\Geometry\KDTree.inl">
      <Filter>Sources\Tools\MathGeoLib\Geometry</Filter>
    </None>
    <None Include="MGL\Geometry\QuadTree.inl">
      <Filter>Sources\Tools\MathGeoLib\Geometry</Filter>
    </None>
    <None Include="MGL\Geometry\TriangleMesh_IntersectRay_AVX.inl">
      <Filter>Sources\Tools\MathGeoLib\Geometry</Filter>
    </None>
    <None Include="MGL\Geometry\TriangleMesh_IntersectRay_CPP.inl">
      <Filter>Sources\Tools\MathGeoLib\Geometry</Filter>
    </None>
    <None Include="MGL\Geometry\TriangleMesh_IntersectRay_SSE.inl">
      <Filter>Sources\Tools\MathGeoLib\Geometry</Filter>
    </None>
    <None Include="MGL\emscripten\library_system.js">
      <Filter>Sources\Tools\MathGeoLib\emscriptem</Filter>
    </None>
  </ItemGroup>
</Project>